
Microsoft Visual Studio Solution File, Format Version 12.00
# Visual Studio 15
VisualStudioVersion = 15.0.28010.2050
MinimumVisualStudioVersion = 10.0.40219.1
Project("{FAE04EC0-301F-11D3-BF4B-00C04F79EFBC}") = "TreinaWeb.CadastroPessoas.Repositorio", "TreinaWeb.CadastroPessoas.Repositorio\TreinaWeb.CadastroPessoas.Repositorio.csproj", "{7C9DD442-DAAB-4090-ADA8-7BCEB9D6B708}"
EndProject
Project("{FAE04EC0-301F-11D3-BF4B-00C04F79EFBC}") = "CadastroPessoas.Persistencia.EF", "CadastroPessoas.Persistencia.EF\CadastroPessoas.Persistencia.EF.csproj", "{995BC875-9C2F-46E8-B8EF-1D157D255046}"
EndProject
Project("{FAE04EC0-301F-11D3-BF4B-00C04F79EFBC}") = "CadastroPessoas.Dominio", "CadastroPessoas.Dominio\CadastroPessoas.Dominio.csproj", "{65E4F9AD-033F-458A-8CAD-C8C7EF7A3AC5}"
EndProject
Project("{FAE04EC0-301F-11D3-BF4B-00C04F79EFBC}") = "TreinaWeb.CadastroPessoas.Forms", "TreinaWeb.CadastroPessoas.Forms\TreinaWeb.CadastroPessoas.Forms.csproj", "{E4ACA43D-8FCF-44DD-8238-1874CC88F5D4}"
EndProject
Global
	GlobalSection(SolutionConfigurationPlatforms) = preSolution
		Debug|Any CPU = Debug|Any CPU
		Release|Any CPU = Release|Any CPU
	EndGlobalSection
	GlobalSection(ProjectConfigurationPlatforms) = postSolution
		{7C9DD442-DAAB-4090-ADA8-7BCEB9D6B708}.Debug|Any CPU.ActiveCfg = Debug|Any CPU
		{7C9DD442-DAAB-4090-ADA8-7BCEB9D6B708}.Debug|Any CPU.Build.0 = Debug|Any CPU
		{7C9DD442-DAAB-4090-ADA8-7BCEB9D6B708}.Release|Any CPU.ActiveCfg = Release|Any CPU
		{7C9DD442-DAAB-4090-ADA8-7BCEB9D6B708}.Release|Any CPU.Build.0 = Release|Any CPU
		{995BC875-9C2F-46E8-B8EF-1D157D255046}.Debug|Any CPU.ActiveCfg = Debug|Any CPU
		{995BC875-9C2F-46E8-B8EF-1D157D255046}.Debug|Any CPU.Build.0 = Debug|Any CPU
		{995BC875-9C2F-46E8-B8EF-1D157D255046}.Release|Any CPU.ActiveCfg = Release|Any CPU
		{995BC875-9C2F-46E8-B8EF-1D157D255046}.Release|Any CPU.Build.0 = Release|Any CPU
		{65E4F9AD-033F-458A-8CAD-C8C7EF7A3AC5}.Debug|Any CPU.ActiveCfg = Debug|Any CPU
		{65E4F9AD-033F-458A-8CAD-C8C7EF7A3AC5}.Debug|Any CPU.Build.0 = Debug|Any CPU
		{65E4F9AD-033F-458A-8CAD-C8C7EF7A3AC5}.Release|Any CPU.ActiveCfg = Release|Any CPU
		{65E4F9AD-033F-458A-8CAD-C8C7EF7A3AC5}.Release|Any CPU.Build.0 = Release|Any CPU
		{E4ACA43D-8FCF-44DD-8238-1874CC88F5D4}.Debug|Any CPU.ActiveCfg = Debug|Any CPU
		{E4ACA43D-8FCF-44DD-8238-1874CC88F5D4}.Debug|Any CPU.Build.0 = Debug|Any CPU
		{E4ACA43D-8FCF-44DD-8238-1874CC88F5D4}.Release|Any CPU.ActiveCfg = Release|Any CPU
		{E4ACA43D-8FCF-44DD-8238-1874CC88F5D4}.Release|Any CPU.Build.0 = Release|Any CPU
	EndGlobalSection
	GlobalSection(SolutionProperties) = preSolution
		HideSolutionNode = FALSE
	EndGlobalSection
	GlobalSection(ExtensibilityGlobals) = postSolution
		SolutionGuid = {CF36960A-F7F1-431B-BCCA-1EB1DE3AC349}
	EndGlobalSection
EndGlobal
